<Solution>
  <Project Path="../../../../../../source/repos/CManager/CManager.Application/CManager.Application.csproj" />
  <Project Path="../../../../../../source/repos/CManager/CManager.Domain/CManager.Domain.csproj" />
  <Project Path="../../../../../../source/repos/CManager/CManager.Infrastructure/CManager.Infrastructure.csproj" />
  <Project Path="../../../../../../source/repos/CManager/CManager.Presentation.ConsoleApp/CManager.Presentation.ConsoleApp.csproj" />
  <Project Path="../../../../../../source/repos/CManager/CManager.Presentation.GuiApp/CManager.Presentation.GuiApp.csproj" Id="1c4616b2-c8f1-4417-8802-55360d0bad36" />
  <Project Path="../../../../../../source/repos/CManager/CManager.Tests/CManager.Tests.csproj" />
</Solution>
